{
  "nodes": {
    "brew-api": {
      "flake": false,
      "locked": {
        "lastModified": 1738347221,
        "narHash": "sha256-W8CZKf46ipEwqOshZlDM41K4iXunj1Mgq/4kd98Kf7k=",
        "owner": "BatteredBunny",
        "repo": "brew-api",
        "rev": "a01b8f183a16c06f48b20afb5ce74a72e0b6a925",
        "type": "github"
      },
      "original": {
        "owner": "BatteredBunny",
        "repo": "brew-api",
        "type": "github"
      }
    },
    "brew-nix": {
      "inputs": {
        "brew-api": [
          "brew-api"
        ],
        "flake-utils": "flake-utils",
        "nix-darwin": [
          "nix-darwin"
        ],
        "nixpkgs": [
          "nixpkgs"
        ]
      },
      "locked": {
        "lastModified": 1737400976,
        "narHash": "sha256-4EYeEGclxkYlLk6eKoBg3T5tUet4cZmhD4qMHfRdg/4=",
        "owner": "BatteredBunny",
        "repo": "brew-nix",
        "rev": "ab7c14dc11a01ecc1d534fd073c3caf9f4d55174",
        "type": "github"
      },
      "original": {
        "owner": "BatteredBunny",
        "repo": "brew-nix",
        "type": "github"
      }
    },
    "brew-src": {
      "flake": false,
      "locked": {
        "lastModified": 1731323744,
        "narHash": "sha256-SxUQm4cTHcaoPQHoXe26ZV8cZiMWBGow8MjE4L+MckM=",
        "owner": "Homebrew",
        "repo": "brew",
        "rev": "254bf3fe9d8fa2e1b2fb55dbcf535b2d870180c4",
        "type": "github"
      },
      "original": {
        "owner": "Homebrew",
        "ref": "4.4.5",
        "repo": "brew",
        "type": "github"
      }
    },
    "flake-compat": {
      "flake": false,
      "locked": {
        "lastModified": 1696426674,
        "narHash": "sha256-kvjfFW7WAETZlt09AgDn1MrtKzP7t90Vf7vypd3OL1U=",
        "owner": "edolstra",
        "repo": "flake-compat",
        "rev": "0f9255e01c2351cc7d116c072cb317785dd33b33",
        "type": "github"
      },
      "original": {
        "owner": "edolstra",
        "repo": "flake-compat",
        "type": "github"
      }
    },
    "flake-compat_2": {
      "flake": false,
      "locked": {
        "lastModified": 1696426674,
        "narHash": "sha256-kvjfFW7WAETZlt09AgDn1MrtKzP7t90Vf7vypd3OL1U=",
        "owner": "edolstra",
        "repo": "flake-compat",
        "rev": "0f9255e01c2351cc7d116c072cb317785dd33b33",
        "type": "github"
      },
      "original": {
        "owner": "edolstra",
        "repo": "flake-compat",
        "type": "github"
      }
    },
    "flake-compat_3": {
      "flake": false,
      "locked": {
        "lastModified": 1733328505,
        "narHash": "sha256-NeCCThCEP3eCl2l/+27kNNK7QrwZB1IJCrXfrbv5oqU=",
        "owner": "edolstra",
        "repo": "flake-compat",
        "rev": "ff81ac966bb2cae68946d5ed5fc4994f96d0ffec",
        "type": "github"
      },
      "original": {
        "owner": "edolstra",
        "repo": "flake-compat",
        "type": "github"
      }
    },
    "flake-compat_4": {
      "flake": false,
      "locked": {
        "lastModified": 1650374568,
        "narHash": "sha256-Z+s0J8/r907g149rllvwhb4pKi8Wam5ij0st8PwAh+E=",
        "owner": "edolstra",
        "repo": "flake-compat",
        "rev": "b4a34015c698c7793d592d66adbab377907a2be8",
        "type": "github"
      },
      "original": {
        "owner": "edolstra",
        "repo": "flake-compat",
        "type": "github"
      }
    },
    "flake-utils": {
      "inputs": {
        "systems": "systems"
      },
      "locked": {
        "lastModified": 1731533236,
        "narHash": "sha256-l0KFg5HjrsfsO/JpG+r7fRrqm12kzFHyUHqHCVpMMbI=",
        "owner": "numtide",
        "repo": "flake-utils",
        "rev": "11707dc2f618dd54ca8739b309ec4fc024de578b",
        "type": "github"
      },
      "original": {
        "owner": "numtide",
        "repo": "flake-utils",
        "type": "github"
      }
    },
    "flake-utils-plus": {
      "inputs": {
        "flake-utils": "flake-utils_3"
      },
      "locked": {
        "lastModified": 1715533576,
        "narHash": "sha256-fT4ppWeCJ0uR300EH3i7kmgRZnAVxrH+XtK09jQWihk=",
        "owner": "gytis-ivaskevicius",
        "repo": "flake-utils-plus",
        "rev": "3542fe9126dc492e53ddd252bb0260fe035f2c0f",
        "type": "github"
      },
      "original": {
        "owner": "gytis-ivaskevicius",
        "repo": "flake-utils-plus",
        "rev": "3542fe9126dc492e53ddd252bb0260fe035f2c0f",
        "type": "github"
      }
    },
    "flake-utils_2": {
      "inputs": {
        "systems": "systems_2"
      },
      "locked": {
        "lastModified": 1705309234,
        "narHash": "sha256-uNRRNRKmJyCRC/8y1RqBkqWBLM034y4qN7EprSdmgyA=",
        "owner": "numtide",
        "repo": "flake-utils",
        "rev": "1ef2e671c3b0c19053962c07dbda38332dcebf26",
        "type": "github"
      },
      "original": {
        "owner": "numtide",
        "repo": "flake-utils",
        "type": "github"
      }
    },
    "flake-utils_3": {
      "inputs": {
        "systems": "systems_3"
      },
      "locked": {
        "lastModified": 1694529238,
        "narHash": "sha256-zsNZZGTGnMOf9YpHKJqMSsa0dXbfmxeoJ7xHlrt+xmY=",
        "owner": "numtide",
        "repo": "flake-utils",
        "rev": "ff7b65b44d01cf9ba6a71320833626af21126384",
        "type": "github"
      },
      "original": {
        "owner": "numtide",
        "repo": "flake-utils",
        "type": "github"
      }
    },
    "ghostty": {
      "inputs": {
        "flake-compat": "flake-compat",
        "nixpkgs-stable": "nixpkgs-stable",
        "nixpkgs-unstable": "nixpkgs-unstable",
        "zig": "zig"
      },
      "locked": {
        "lastModified": 1738781852,
        "narHash": "sha256-fTr3m5Ktg1vWeAbscpYS7BTjOIACXMjkG1xazeRGvAc=",
        "owner": "ghostty-org",
        "repo": "ghostty",
        "rev": "4eb588501735e2df2910b54ed0dc8ad934b5d42f",
        "type": "github"
      },
      "original": {
        "owner": "ghostty-org",
        "repo": "ghostty",
        "type": "github"
      }
    },
    "home-manager": {
      "inputs": {
        "nixpkgs": [
          "nixpkgs"
        ]
      },
      "locked": {
        "lastModified": 1738789832,
        "narHash": "sha256-HdlMPfObPu5y7oDfH/w3vvlU3UTQ/bQjSULChZARm5M=",
        "owner": "nix-community",
        "repo": "home-manager",
        "rev": "30ea6fed4e4b41693cebc2263373dd810de4de49",
        "type": "github"
      },
      "original": {
        "owner": "nix-community",
        "ref": "master",
        "repo": "home-manager",
        "type": "github"
      }
    },
    "homebrew-bundle": {
      "flake": false,
      "locked": {
        "lastModified": 1738745362,
        "narHash": "sha256-6wAOlWN3YVUgi/pWXR1FBoY1Rp9bt97I5jrLZHwigzY=",
        "owner": "homebrew",
        "repo": "homebrew-bundle",
        "rev": "de1a4ebabdc44daa7136f0f33e357133626154b1",
        "type": "github"
      },
      "original": {
        "owner": "homebrew",
        "repo": "homebrew-bundle",
        "type": "github"
      }
    },
    "homebrew-cask": {
      "flake": false,
      "locked": {
        "lastModified": 1738790781,
        "narHash": "sha256-vxJEKLsbcrWqsOF9mVqBz3/rZD2Dsy5O1oy7U3+np3M=",
        "owner": "homebrew",
        "repo": "homebrew-cask",
        "rev": "1c553c2dea3178d5552b432df6392fbe489ef6e3",
        "type": "github"
      },
      "original": {
        "owner": "homebrew",
        "repo": "homebrew-cask",
        "type": "github"
      }
    },
    "homebrew-core": {
      "flake": false,
      "locked": {
        "lastModified": 1738790570,
        "narHash": "sha256-69d+i50Urg7nRaPXqp5hJQfzINNKUQOcGfY8TmWbyuQ=",
        "owner": "homebrew",
        "repo": "homebrew-core",
        "rev": "2db3d054830f50b509e1cfa0616462200da4cf53",
        "type": "github"
      },
      "original": {
        "owner": "homebrew",
        "repo": "homebrew-core",
        "type": "github"
      }
    },
    "nix-darwin": {
      "inputs": {
        "nixpkgs": [
          "nixpkgs"
        ]
      },
      "locked": {
        "lastModified": 1738743987,
        "narHash": "sha256-O3bnAfsObto6l2tQOmQlrO6Z2kD6yKwOWfs7pA0CpOc=",
        "owner": "LnL7",
        "repo": "nix-darwin",
        "rev": "ae406c04577ff9a64087018c79b4fdc02468c87c",
        "type": "github"
      },
      "original": {
        "owner": "LnL7",
        "repo": "nix-darwin",
        "type": "github"
      }
    },
    "nix-darwin_2": {
      "inputs": {
        "nixpkgs": "nixpkgs"
      },
      "locked": {
        "lastModified": 1716329735,
        "narHash": "sha256-ap51w+VqG21vuzyQ04WrhI2YbWHd3UGz0e7dc/QQmoA=",
        "owner": "LnL7",
        "repo": "nix-darwin",
        "rev": "eac4f25028c1975a939c8f8fba95c12f8a25e01c",
        "type": "github"
      },
      "original": {
        "owner": "LnL7",
        "repo": "nix-darwin",
        "type": "github"
      }
    },
    "nix-homebrew": {
      "inputs": {
        "brew-src": "brew-src",
        "nix-darwin": "nix-darwin_2",
        "nixpkgs": "nixpkgs_2"
      },
      "locked": {
        "lastModified": 1736041957,
        "narHash": "sha256-Kk/cVtkxwfHNoB6nINUarMLTtyAEvH+ohzxKBptMzzg=",
        "owner": "zhaofengli-wip",
        "repo": "nix-homebrew",
        "rev": "a6d99cc7436fc18c097b3536d9c45c0548c694c8",
        "type": "github"
      },
      "original": {
        "owner": "zhaofengli-wip",
        "repo": "nix-homebrew",
        "type": "github"
      }
    },
    "nixpkgs": {
      "locked": {
        "lastModified": 1687274257,
        "narHash": "sha256-TutzPriQcZ8FghDhEolnHcYU2oHIG5XWF+/SUBNnAOE=",
        "path": "/nix/store/22qgs3skscd9bmrxv9xv4q5d4wwm5ppx-source",
        "rev": "2c9ecd1f0400076a4d6b2193ad468ff0a7e7fdc5",
        "type": "path"
      },
      "original": {
        "id": "nixpkgs",
        "type": "indirect"
      }
    },
    "nixpkgs-stable": {
      "locked": {
        "lastModified": 1733423277,
        "narHash": "sha256-TxabjxEgkNbCGFRHgM/b9yZWlBj60gUOUnRT/wbVQR8=",
        "owner": "nixos",
        "repo": "nixpkgs",
        "rev": "e36963a147267afc055f7cf65225958633e536bf",
        "type": "github"
      },
      "original": {
        "owner": "nixos",
        "ref": "release-24.11",
        "repo": "nixpkgs",
        "type": "github"
      }
    },
    "nixpkgs-unstable": {
      "locked": {
        "lastModified": 1733229606,
        "narHash": "sha256-FLYY5M0rpa5C2QAE3CKLYAM6TwbKicdRK6qNrSHlNrE=",
        "owner": "nixos",
        "repo": "nixpkgs",
        "rev": "566e53c2ad750c84f6d31f9ccb9d00f823165550",
        "type": "github"
      },
      "original": {
        "owner": "nixos",
        "ref": "nixpkgs-unstable",
        "repo": "nixpkgs",
        "type": "github"
      }
    },
    "nixpkgs_2": {
      "locked": {
        "lastModified": 1716330097,
        "narHash": "sha256-8BO3B7e3BiyIDsaKA0tY8O88rClYRTjvAp66y+VBUeU=",
        "owner": "NixOS",
        "repo": "nixpkgs",
        "rev": "5710852ba686cc1fd0d3b8e22b3117d43ba374c2",
        "type": "github"
      },
      "original": {
        "owner": "NixOS",
        "ref": "nixos-unstable",
        "repo": "nixpkgs",
        "type": "github"
      }
    },
    "nixpkgs_3": {
      "locked": {
        "lastModified": 1738680400,
        "narHash": "sha256-ooLh+XW8jfa+91F1nhf9OF7qhuA/y1ChLx6lXDNeY5U=",
        "owner": "nixos",
        "repo": "nixpkgs",
        "rev": "799ba5bffed04ced7067a91798353d360788b30d",
        "type": "github"
      },
      "original": {
        "owner": "nixos",
        "ref": "nixos-unstable",
        "repo": "nixpkgs",
        "type": "github"
      }
    },
    "reddit": {
      "inputs": {
        "flake-compat": "flake-compat_2",
        "nixpkgs": [
          "nixpkgs"
        ]
      },
      "locked": {
        "lastModified": 1733747245,
        "narHash": "sha256-ioIcqh9ICKPhGCWHLY+4vQQQORnF7WnKIoK9AsPNxFM=",
        "ref": "refs/heads/main",
        "rev": "99c900b431840e12e88f86000d2bab15d48b2b41",
        "revCount": 221,
        "type": "git",
        "url": "ssh://git@github.snooguts.net/reddit/reddit-nix.git"
      },
      "original": {
        "type": "git",
        "url": "ssh://git@github.snooguts.net/reddit/reddit-nix.git"
      }
    },
    "root": {
      "inputs": {
        "brew-api": "brew-api",
        "brew-nix": "brew-nix",
        "ghostty": "ghostty",
        "home-manager": "home-manager",
        "homebrew-bundle": "homebrew-bundle",
        "homebrew-cask": "homebrew-cask",
        "homebrew-core": "homebrew-core",
        "nix-darwin": "nix-darwin",
        "nix-homebrew": "nix-homebrew",
        "nixpkgs": "nixpkgs_3",
        "reddit": "reddit",
        "solaar": "solaar"
      }
    },
    "snowfall-lib": {
      "inputs": {
        "flake-compat": "flake-compat_4",
        "flake-utils-plus": "flake-utils-plus",
        "nixpkgs": [
          "solaar",
          "nixpkgs"
        ]
      },
      "locked": {
        "lastModified": 1718097323,
        "narHash": "sha256-zCgs8Wp7rdt0tjNUHMUIvi6sIvDoprWIHwvTGq+LMK0=",
        "owner": "snowfallorg",
        "repo": "lib",
        "rev": "aa19b02b63025263cec041fcb7a0857c3cb98859",
        "type": "github"
      },
      "original": {
        "owner": "snowfallorg",
        "ref": "v3.0.3",
        "repo": "lib",
        "type": "github"
      }
    },
    "solaar": {
      "inputs": {
        "flake-compat": "flake-compat_3",
        "nixpkgs": [
          "nixpkgs"
        ],
        "snowfall-lib": "snowfall-lib"
      },
      "locked": {
        "lastModified": 1736321133,
        "narHash": "sha256-WcMlGvUYUEUCxtrG3DHExdnvAHKuJazi9FLhAiqOorw=",
        "rev": "808a089a32a2c0f436f106fc554215c4930b3c69",
        "revCount": 67,
        "type": "tarball",
        "url": "https://api.flakehub.com/f/pinned/Svenum/Solaar-Flake/0.1.2/019444d0-161f-78ca-a740-5eee5d09f672/source.tar.gz"
      },
      "original": {
        "type": "tarball",
        "url": "https://flakehub.com/f/Svenum/Solaar-Flake/%2A.tar.gz"
      }
    },
    "systems": {
      "locked": {
        "lastModified": 1681028828,
        "narHash": "sha256-Vy1rq5AaRuLzOxct8nz4T6wlgyUR7zLU309k9mBC768=",
        "owner": "nix-systems",
        "repo": "default",
        "rev": "da67096a3b9bf56a91d16901293e51ba5b49a27e",
        "type": "github"
      },
      "original": {
        "owner": "nix-systems",
        "repo": "default",
        "type": "github"
      }
    },
    "systems_2": {
      "locked": {
        "lastModified": 1681028828,
        "narHash": "sha256-Vy1rq5AaRuLzOxct8nz4T6wlgyUR7zLU309k9mBC768=",
        "owner": "nix-systems",
        "repo": "default",
        "rev": "da67096a3b9bf56a91d16901293e51ba5b49a27e",
        "type": "github"
      },
      "original": {
        "owner": "nix-systems",
        "repo": "default",
        "type": "github"
      }
    },
    "systems_3": {
      "locked": {
        "lastModified": 1681028828,
        "narHash": "sha256-Vy1rq5AaRuLzOxct8nz4T6wlgyUR7zLU309k9mBC768=",
        "owner": "nix-systems",
        "repo": "default",
        "rev": "da67096a3b9bf56a91d16901293e51ba5b49a27e",
        "type": "github"
      },
      "original": {
        "owner": "nix-systems",
        "repo": "default",
        "type": "github"
      }
    },
    "zig": {
      "inputs": {
        "flake-compat": [
          "ghostty"
        ],
        "flake-utils": "flake-utils_2",
        "nixpkgs": [
          "ghostty",
          "nixpkgs-stable"
        ]
      },
      "locked": {
        "lastModified": 1717848532,
        "narHash": "sha256-d+xIUvSTreHl8pAmU1fnmkfDTGQYCn2Rb/zOwByxS2M=",
        "owner": "mitchellh",
        "repo": "zig-overlay",
        "rev": "02fc5cc555fc14fda40c42d7c3250efa43812b43",
        "type": "github"
      },
      "original": {
        "owner": "mitchellh",
        "repo": "zig-overlay",
        "type": "github"
      }
    }
  },
  "root": "root",
  "version": 7
}
