{
  "nodes": {
    "brew-api": {
      "flake": false,
      "locked": {
        "lastModified": 1743541832,
        "narHash": "sha256-CiUiEHkmNP8utTEjJYDfgbU1abYIVkIZZ22kk9ncNSc=",
        "owner": "BatteredBunny",
        "repo": "brew-api",
        "rev": "47e27dd906bf85fb7cedc8216f596100e3e614ef",
        "type": "github"
      },
      "original": {
        "owner": "BatteredBunny",
        "repo": "brew-api",
        "type": "github"
      }
    },
    "brew-nix": {
      "inputs": {
        "brew-api": [
          "brew-api"
        ],
        "flake-utils": "flake-utils",
        "nix-darwin": [
          "nix-darwin"
        ],
        "nixpkgs": [
          "nixpkgs"
        ]
      },
      "locked": {
        "lastModified": 1741852768,
        "narHash": "sha256-OHY03ODmfBmb8AwxPaMYTtIiZIxTWSoaYAGlyEMYv6o=",
        "owner": "BatteredBunny",
        "repo": "brew-nix",
        "rev": "df708642eedf3fec87858b66af784b834ac19026",
        "type": "github"
      },
      "original": {
        "owner": "BatteredBunny",
        "repo": "brew-nix",
        "type": "github"
      }
    },
    "brew-src": {
      "flake": false,
      "locked": {
        "lastModified": 1742457334,
        "narHash": "sha256-Gn7ruyb3NDFr+SsHBfA2NsJI8YkkWdECqLRj/xcjt+E=",
        "owner": "Homebrew",
        "repo": "brew",
        "rev": "f3bd91d3afe086824d24708230e1f0c7f943135a",
        "type": "github"
      },
      "original": {
        "owner": "Homebrew",
        "ref": "4.4.25",
        "repo": "brew",
        "type": "github"
      }
    },
    "flake-compat": {
      "flake": false,
      "locked": {
        "lastModified": 1733328505,
        "narHash": "sha256-NeCCThCEP3eCl2l/+27kNNK7QrwZB1IJCrXfrbv5oqU=",
        "owner": "edolstra",
        "repo": "flake-compat",
        "rev": "ff81ac966bb2cae68946d5ed5fc4994f96d0ffec",
        "type": "github"
      },
      "original": {
        "owner": "edolstra",
        "repo": "flake-compat",
        "type": "github"
      }
    },
    "flake-compat_2": {
      "flake": false,
      "locked": {
        "lastModified": 1733328505,
        "narHash": "sha256-NeCCThCEP3eCl2l/+27kNNK7QrwZB1IJCrXfrbv5oqU=",
        "owner": "edolstra",
        "repo": "flake-compat",
        "rev": "ff81ac966bb2cae68946d5ed5fc4994f96d0ffec",
        "type": "github"
      },
      "original": {
        "owner": "edolstra",
        "repo": "flake-compat",
        "type": "github"
      }
    },
    "flake-compat_3": {
      "flake": false,
      "locked": {
        "lastModified": 1733328505,
        "narHash": "sha256-NeCCThCEP3eCl2l/+27kNNK7QrwZB1IJCrXfrbv5oqU=",
        "owner": "edolstra",
        "repo": "flake-compat",
        "rev": "ff81ac966bb2cae68946d5ed5fc4994f96d0ffec",
        "type": "github"
      },
      "original": {
        "owner": "edolstra",
        "repo": "flake-compat",
        "type": "github"
      }
    },
    "flake-compat_4": {
      "flake": false,
      "locked": {
        "lastModified": 1650374568,
        "narHash": "sha256-Z+s0J8/r907g149rllvwhb4pKi8Wam5ij0st8PwAh+E=",
        "owner": "edolstra",
        "repo": "flake-compat",
        "rev": "b4a34015c698c7793d592d66adbab377907a2be8",
        "type": "github"
      },
      "original": {
        "owner": "edolstra",
        "repo": "flake-compat",
        "type": "github"
      }
    },
    "flake-utils": {
      "inputs": {
        "systems": "systems"
      },
      "locked": {
        "lastModified": 1731533236,
        "narHash": "sha256-l0KFg5HjrsfsO/JpG+r7fRrqm12kzFHyUHqHCVpMMbI=",
        "owner": "numtide",
        "repo": "flake-utils",
        "rev": "11707dc2f618dd54ca8739b309ec4fc024de578b",
        "type": "github"
      },
      "original": {
        "owner": "numtide",
        "repo": "flake-utils",
        "type": "github"
      }
    },
    "flake-utils-plus": {
      "inputs": {
        "flake-utils": "flake-utils_3"
      },
      "locked": {
        "lastModified": 1715533576,
        "narHash": "sha256-fT4ppWeCJ0uR300EH3i7kmgRZnAVxrH+XtK09jQWihk=",
        "owner": "gytis-ivaskevicius",
        "repo": "flake-utils-plus",
        "rev": "3542fe9126dc492e53ddd252bb0260fe035f2c0f",
        "type": "github"
      },
      "original": {
        "owner": "gytis-ivaskevicius",
        "repo": "flake-utils-plus",
        "rev": "3542fe9126dc492e53ddd252bb0260fe035f2c0f",
        "type": "github"
      }
    },
    "flake-utils_2": {
      "inputs": {
        "systems": "systems_2"
      },
      "locked": {
        "lastModified": 1731533236,
        "narHash": "sha256-l0KFg5HjrsfsO/JpG+r7fRrqm12kzFHyUHqHCVpMMbI=",
        "owner": "numtide",
        "repo": "flake-utils",
        "rev": "11707dc2f618dd54ca8739b309ec4fc024de578b",
        "type": "github"
      },
      "original": {
        "owner": "numtide",
        "repo": "flake-utils",
        "type": "github"
      }
    },
    "flake-utils_3": {
      "inputs": {
        "systems": "systems_3"
      },
      "locked": {
        "lastModified": 1694529238,
        "narHash": "sha256-zsNZZGTGnMOf9YpHKJqMSsa0dXbfmxeoJ7xHlrt+xmY=",
        "owner": "numtide",
        "repo": "flake-utils",
        "rev": "ff7b65b44d01cf9ba6a71320833626af21126384",
        "type": "github"
      },
      "original": {
        "owner": "numtide",
        "repo": "flake-utils",
        "type": "github"
      }
    },
    "ghostty": {
      "inputs": {
        "flake-compat": "flake-compat",
        "flake-utils": "flake-utils_2",
        "nixpkgs-stable": "nixpkgs-stable",
        "nixpkgs-unstable": "nixpkgs-unstable",
        "zig": "zig",
        "zon2nix": "zon2nix"
      },
      "locked": {
        "lastModified": 1743191728,
        "narHash": "sha256-LrQd2IkfcmHdBh+pwPEPXzcosBerIEFzz/DbVNzBqig=",
        "owner": "ghostty-org",
        "repo": "ghostty",
        "rev": "1067cd3d8a061eb5b23bc1a4c46ca10af4481941",
        "type": "github"
      },
      "original": {
        "owner": "ghostty-org",
        "repo": "ghostty",
        "type": "github"
      }
    },
    "home-manager": {
      "inputs": {
        "nixpkgs": [
          "nixpkgs"
        ]
      },
      "locked": {
        "lastModified": 1743527271,
        "narHash": "sha256-EuanEW1qqXZ2h0zJnq7uz8BoHbsgHgUrqWkCZHwZ9FA=",
        "owner": "nix-community",
        "repo": "home-manager",
        "rev": "f4d9d1e2ad19d544a0a0cf3f8f371c6139c762e9",
        "type": "github"
      },
      "original": {
        "owner": "nix-community",
        "ref": "master",
        "repo": "home-manager",
        "type": "github"
      }
    },
    "homebrew-bundle": {
      "flake": false,
      "locked": {
        "lastModified": 1742475687,
        "narHash": "sha256-GoaP8X0livBYzfb8kRCyf3z61+sXSh6tE5gMZtxjLQA=",
        "owner": "homebrew",
        "repo": "homebrew-bundle",
        "rev": "dc4311afc4c34833b288cd4978421803ec2c9ff8",
        "type": "github"
      },
      "original": {
        "owner": "homebrew",
        "repo": "homebrew-bundle",
        "type": "github"
      }
    },
    "homebrew-cask": {
      "flake": false,
      "locked": {
        "lastModified": 1743546200,
        "narHash": "sha256-u251A/XLHUAKK1NNfszXbF5UEu1aG23ao7h3f/64nB8=",
        "owner": "homebrew",
        "repo": "homebrew-cask",
        "rev": "5b41c9e63eaf53fb569adb84e01d8d8be394a724",
        "type": "github"
      },
      "original": {
        "owner": "homebrew",
        "repo": "homebrew-cask",
        "type": "github"
      }
    },
    "homebrew-core": {
      "flake": false,
      "locked": {
        "lastModified": 1743540976,
        "narHash": "sha256-aU7dsQijBFqki5+7GPUdaAol8tudaFSoNirev3kfZvw=",
        "owner": "homebrew",
        "repo": "homebrew-core",
        "rev": "66079e2ca21f4d8c41e6c0784f11d1abd5a2688e",
        "type": "github"
      },
      "original": {
        "owner": "homebrew",
        "repo": "homebrew-core",
        "type": "github"
      }
    },
    "nix-darwin": {
      "inputs": {
        "nixpkgs": [
          "nixpkgs"
        ]
      },
      "locked": {
        "lastModified": 1743496612,
        "narHash": "sha256-emPWa5lmKbnyuj8c1mSJUkzJNT+iJoU9GMcXwjp2oVM=",
        "owner": "LnL7",
        "repo": "nix-darwin",
        "rev": "73d59580d01e9b9f957ba749f336a272869c42dd",
        "type": "github"
      },
      "original": {
        "owner": "LnL7",
        "repo": "nix-darwin",
        "type": "github"
      }
    },
    "nix-darwin_2": {
      "inputs": {
        "nixpkgs": "nixpkgs"
      },
      "locked": {
        "lastModified": 1716329735,
        "narHash": "sha256-ap51w+VqG21vuzyQ04WrhI2YbWHd3UGz0e7dc/QQmoA=",
        "owner": "LnL7",
        "repo": "nix-darwin",
        "rev": "eac4f25028c1975a939c8f8fba95c12f8a25e01c",
        "type": "github"
      },
      "original": {
        "owner": "LnL7",
        "repo": "nix-darwin",
        "type": "github"
      }
    },
    "nix-homebrew": {
      "inputs": {
        "brew-src": "brew-src",
        "nix-darwin": "nix-darwin_2",
        "nixpkgs": "nixpkgs_2"
      },
      "locked": {
        "lastModified": 1742619394,
        "narHash": "sha256-8uwIBjbKxeJ7u0VACSNs634HwtgRLxP6/+cIkUXmuyI=",
        "owner": "zhaofengli-wip",
        "repo": "nix-homebrew",
        "rev": "04b0536479d2d2e8d71dc8c8ee97c2b61f0c9987",
        "type": "github"
      },
      "original": {
        "owner": "zhaofengli-wip",
        "repo": "nix-homebrew",
        "type": "github"
      }
    },
    "nixpkgs": {
      "locked": {
        "lastModified": 1687274257,
        "narHash": "sha256-TutzPriQcZ8FghDhEolnHcYU2oHIG5XWF+/SUBNnAOE=",
        "path": "/nix/store/22qgs3skscd9bmrxv9xv4q5d4wwm5ppx-source",
        "rev": "2c9ecd1f0400076a4d6b2193ad468ff0a7e7fdc5",
        "type": "path"
      },
      "original": {
        "id": "nixpkgs",
        "type": "indirect"
      }
    },
    "nixpkgs-stable": {
      "locked": {
        "lastModified": 1741992157,
        "narHash": "sha256-nlIfTsTrMSksEJc1f7YexXiPVuzD1gOfeN1ggwZyUoc=",
        "owner": "nixos",
        "repo": "nixpkgs",
        "rev": "da4b122f63095ca1199bd4d526f9e26426697689",
        "type": "github"
      },
      "original": {
        "owner": "nixos",
        "ref": "release-24.11",
        "repo": "nixpkgs",
        "type": "github"
      }
    },
    "nixpkgs-unstable": {
      "locked": {
        "lastModified": 1741865919,
        "narHash": "sha256-4thdbnP6dlbdq+qZWTsm4ffAwoS8Tiq1YResB+RP6WE=",
        "owner": "nixos",
        "repo": "nixpkgs",
        "rev": "573c650e8a14b2faa0041645ab18aed7e60f0c9a",
        "type": "github"
      },
      "original": {
        "owner": "nixos",
        "ref": "nixpkgs-unstable",
        "repo": "nixpkgs",
        "type": "github"
      }
    },
    "nixpkgs_2": {
      "locked": {
        "lastModified": 1716330097,
        "narHash": "sha256-8BO3B7e3BiyIDsaKA0tY8O88rClYRTjvAp66y+VBUeU=",
        "owner": "NixOS",
        "repo": "nixpkgs",
        "rev": "5710852ba686cc1fd0d3b8e22b3117d43ba374c2",
        "type": "github"
      },
      "original": {
        "owner": "NixOS",
        "ref": "nixos-unstable",
        "repo": "nixpkgs",
        "type": "github"
      }
    },
    "nixpkgs_3": {
      "locked": {
        "lastModified": 1743315132,
        "narHash": "sha256-6hl6L/tRnwubHcA4pfUUtk542wn2Om+D4UnDhlDW9BE=",
        "owner": "nixos",
        "repo": "nixpkgs",
        "rev": "52faf482a3889b7619003c0daec593a1912fddc1",
        "type": "github"
      },
      "original": {
        "owner": "nixos",
        "ref": "nixos-unstable",
        "repo": "nixpkgs",
        "type": "github"
      }
    },
    "reddit": {
      "inputs": {
        "flake-compat": "flake-compat_2",
        "nixpkgs": [
          "nixpkgs"
        ]
      },
      "locked": {
        "lastModified": 1741896917,
        "narHash": "sha256-j/XOVS5anFuSNYWKJ+GkCy1wPmz5oU9tbSCc57E4+HE=",
        "ref": "refs/heads/main",
        "rev": "7803425775cf16da82aa1c23cdd50c1ea9e758be",
        "revCount": 225,
        "type": "git",
        "url": "ssh://git@github.snooguts.net/reddit/reddit-nix.git"
      },
      "original": {
        "type": "git",
        "url": "ssh://git@github.snooguts.net/reddit/reddit-nix.git"
      }
    },
    "root": {
      "inputs": {
        "brew-api": "brew-api",
        "brew-nix": "brew-nix",
        "ghostty": "ghostty",
        "home-manager": "home-manager",
        "homebrew-bundle": "homebrew-bundle",
        "homebrew-cask": "homebrew-cask",
        "homebrew-core": "homebrew-core",
        "nix-darwin": "nix-darwin",
        "nix-homebrew": "nix-homebrew",
        "nixpkgs": "nixpkgs_3",
        "reddit": "reddit",
        "solaar": "solaar"
      }
    },
    "snowfall-lib": {
      "inputs": {
        "flake-compat": "flake-compat_4",
        "flake-utils-plus": "flake-utils-plus",
        "nixpkgs": [
          "solaar",
          "nixpkgs"
        ]
      },
      "locked": {
        "lastModified": 1718097323,
        "narHash": "sha256-zCgs8Wp7rdt0tjNUHMUIvi6sIvDoprWIHwvTGq+LMK0=",
        "owner": "snowfallorg",
        "repo": "lib",
        "rev": "aa19b02b63025263cec041fcb7a0857c3cb98859",
        "type": "github"
      },
      "original": {
        "owner": "snowfallorg",
        "ref": "v3.0.3",
        "repo": "lib",
        "type": "github"
      }
    },
    "solaar": {
      "inputs": {
        "flake-compat": "flake-compat_3",
        "nixpkgs": [
          "nixpkgs"
        ],
        "snowfall-lib": "snowfall-lib"
      },
      "locked": {
        "lastModified": 1736321133,
        "narHash": "sha256-WcMlGvUYUEUCxtrG3DHExdnvAHKuJazi9FLhAiqOorw=",
        "rev": "808a089a32a2c0f436f106fc554215c4930b3c69",
        "revCount": 67,
        "type": "tarball",
        "url": "https://api.flakehub.com/f/pinned/Svenum/Solaar-Flake/0.1.2/019444d0-161f-78ca-a740-5eee5d09f672/source.tar.gz"
      },
      "original": {
        "type": "tarball",
        "url": "https://flakehub.com/f/Svenum/Solaar-Flake/%2A.tar.gz"
      }
    },
    "systems": {
      "locked": {
        "lastModified": 1681028828,
        "narHash": "sha256-Vy1rq5AaRuLzOxct8nz4T6wlgyUR7zLU309k9mBC768=",
        "owner": "nix-systems",
        "repo": "default",
        "rev": "da67096a3b9bf56a91d16901293e51ba5b49a27e",
        "type": "github"
      },
      "original": {
        "owner": "nix-systems",
        "repo": "default",
        "type": "github"
      }
    },
    "systems_2": {
      "locked": {
        "lastModified": 1681028828,
        "narHash": "sha256-Vy1rq5AaRuLzOxct8nz4T6wlgyUR7zLU309k9mBC768=",
        "owner": "nix-systems",
        "repo": "default",
        "rev": "da67096a3b9bf56a91d16901293e51ba5b49a27e",
        "type": "github"
      },
      "original": {
        "owner": "nix-systems",
        "repo": "default",
        "type": "github"
      }
    },
    "systems_3": {
      "locked": {
        "lastModified": 1681028828,
        "narHash": "sha256-Vy1rq5AaRuLzOxct8nz4T6wlgyUR7zLU309k9mBC768=",
        "owner": "nix-systems",
        "repo": "default",
        "rev": "da67096a3b9bf56a91d16901293e51ba5b49a27e",
        "type": "github"
      },
      "original": {
        "owner": "nix-systems",
        "repo": "default",
        "type": "github"
      }
    },
    "zig": {
      "inputs": {
        "flake-compat": [
          "ghostty"
        ],
        "flake-utils": [
          "ghostty",
          "flake-utils"
        ],
        "nixpkgs": [
          "ghostty",
          "nixpkgs-stable"
        ]
      },
      "locked": {
        "lastModified": 1741825901,
        "narHash": "sha256-aeopo+aXg5I2IksOPFN79usw7AeimH1+tjfuMzJHFdk=",
        "owner": "mitchellh",
        "repo": "zig-overlay",
        "rev": "0b14285e283f5a747f372fb2931835dd937c4383",
        "type": "github"
      },
      "original": {
        "owner": "mitchellh",
        "repo": "zig-overlay",
        "type": "github"
      }
    },
    "zon2nix": {
      "inputs": {
        "flake-utils": [
          "ghostty",
          "flake-utils"
        ],
        "nixpkgs": [
          "ghostty",
          "nixpkgs-unstable"
        ]
      },
      "locked": {
        "lastModified": 1742104771,
        "narHash": "sha256-LhidlyEA9MP8jGe1rEnyjGFCzLLgCdDpYeWggibayr0=",
        "owner": "jcollie",
        "repo": "zon2nix",
        "rev": "56c159be489cc6c0e73c3930bd908ddc6fe89613",
        "type": "github"
      },
      "original": {
        "owner": "jcollie",
        "ref": "56c159be489cc6c0e73c3930bd908ddc6fe89613",
        "repo": "zon2nix",
        "type": "github"
      }
    }
  },
  "root": "root",
  "version": 7
}
